
Microsoft Visual Studio Solution File, Format Version 12.00
# Visual Studio Version 17
VisualStudioVersion = 17.0.31912.275
MinimumVisualStudioVersion = 10.0.40219.1
Project("{FAE04EC0-301F-11D3-BF4B-00C04F79EFBC}") = "WorkScheduler", "WorkScheduler\WorkScheduler.csproj", "{32EE62FD-7C62-4C44-9A67-85AB0AA981C0}"
EndProject
Project("{FAE04EC0-301F-11D3-BF4B-00C04F79EFBC}") = "CustomMonthCalendar", "CustomMonthCalendar\CustomMonthCalendar.csproj", "{4C4939AC-FB8E-4E02-9805-4A6344BF8F39}"
EndProject
Global
	GlobalSection(SolutionConfigurationPlatforms) = preSolution
		Debug|Any CPU = Debug|Any CPU
		Release|Any CPU = Release|Any CPU
	EndGlobalSection
	GlobalSection(ProjectConfigurationPlatforms) = postSolution
		{32EE62FD-7C62-4C44-9A67-85AB0AA981C0}.Debug|Any CPU.ActiveCfg = Debug|Any CPU
		{32EE62FD-7C62-4C44-9A67-85AB0AA981C0}.Debug|Any CPU.Build.0 = Debug|Any CPU
		{32EE62FD-7C62-4C44-9A67-85AB0AA981C0}.Release|Any CPU.ActiveCfg = Release|Any CPU
		{32EE62FD-7C62-4C44-9A67-85AB0AA981C0}.Release|Any CPU.Build.0 = Release|Any CPU
		{4C4939AC-FB8E-4E02-9805-4A6344BF8F39}.Debug|Any CPU.ActiveCfg = Debug|Any CPU
		{4C4939AC-FB8E-4E02-9805-4A6344BF8F39}.Debug|Any CPU.Build.0 = Debug|Any CPU
		{4C4939AC-FB8E-4E02-9805-4A6344BF8F39}.Release|Any CPU.ActiveCfg = Release|Any CPU
		{4C4939AC-FB8E-4E02-9805-4A6344BF8F39}.Release|Any CPU.Build.0 = Release|Any CPU
	EndGlobalSection
	GlobalSection(SolutionProperties) = preSolution
		HideSolutionNode = FALSE
	EndGlobalSection
	GlobalSection(ExtensibilityGlobals) = postSolution
		SolutionGuid = {54C32044-3A99-4D90-8F5A-C9A33D64563F}
	EndGlobalSection
EndGlobal
